{
  "name": "acgstore-web",
  "version": "1.0.0",
  "lockfileVersion": 2,
  "requires": true,
  "packages": {
    "": {
      "name": "acgstore-web",
      "version": "1.0.0",
      "license": "ISC",
      "dependencies": {
        "zlib": "1.0.5"
      }
    },
    "node_modules/zlib": {
      "version": "1.0.5",
      "resolved": "https://registry.npm.taobao.org/zlib/download/zlib-1.0.5.tgz",
      "integrity": "sha1-bnyXL8NxxkWmr7A6sUdp3vEU/MA=",
      "hasInstallScript": true,
      "engines": {
        "node": ">=0.2.0"
      }
    }
  },
  "dependencies": {
    "zlib": {
      "version": "1.0.5",
      "resolved": "https://registry.npm.taobao.org/zlib/download/zlib-1.0.5.tgz",
      "integrity": "sha1-bnyXL8NxxkWmr7A6sUdp3vEU/MA="
    }
  }
}
